
Microsoft Visual Studio Solution File, Format Version 12.00
# Visual Studio Version 17
VisualStudioVersion = 17.11.35312.102
MinimumVisualStudioVersion = 10.0.40219.1
Project("{9A19103F-16F7-4668-BE54-9A1E7A4F7556}") = "AppHost1", "AppHost1\AppHost1.csproj", "{E75EAE06-9F1C-440C-A31B-6DBCE41569D0}"
EndProject
Project("{9A19103F-16F7-4668-BE54-9A1E7A4F7556}") = "Basket", "..\Basket\Basket\Basket.csproj", "{E0DCD90C-74E7-4EB4-AEAD-D9CFBC7D4E1D}"
EndProject
Project("{9A19103F-16F7-4668-BE54-9A1E7A4F7556}") = "catalog", "..\catalog\catalog\catalog.csproj", "{8E153C25-910D-4BE3-B1D1-1B7629539A67}"
EndProject
Project("{9A19103F-16F7-4668-BE54-9A1E7A4F7556}") = "IntegrationEvenlogEF", "IntegrationEvenlogEF\IntegrationEvenlogEF.csproj", "{813DE377-475D-4DD4-BEDE-1D09C0216124}"
EndProject
Project("{9A19103F-16F7-4668-BE54-9A1E7A4F7556}") = "EventBus", "EventBus\EventBus.csproj", "{020E8F85-4A9E-41D1-964F-F9898F79707F}"
EndProject
Project("{9A19103F-16F7-4668-BE54-9A1E7A4F7556}") = "EventBusRabbitMQ", "EventBusRabbitMQ\EventBusRabbitMQ.csproj", "{DD1DFCA1-82C9-45BC-B98A-0F0DFEAF4C53}"
EndProject
Project("{9A19103F-16F7-4668-BE54-9A1E7A4F7556}") = "ScheduleJob", "ScheduleJob\ScheduleJob.csproj", "{B3FB089C-CE23-4CBB-BFEC-DB2DE1576042}"
EndProject
Project("{9A19103F-16F7-4668-BE54-9A1E7A4F7556}") = "Customer", "Customer\Customer.csproj", "{D8605BBE-A1F7-4707-B1EF-D767D75D60CE}"
EndProject
Global
	GlobalSection(SolutionConfigurationPlatforms) = preSolution
		Debug|Any CPU = Debug|Any CPU
		Release|Any CPU = Release|Any CPU
	EndGlobalSection
	GlobalSection(ProjectConfigurationPlatforms) = postSolution
		{E75EAE06-9F1C-440C-A31B-6DBCE41569D0}.Debug|Any CPU.ActiveCfg = Debug|Any CPU
		{E75EAE06-9F1C-440C-A31B-6DBCE41569D0}.Debug|Any CPU.Build.0 = Debug|Any CPU
		{E75EAE06-9F1C-440C-A31B-6DBCE41569D0}.Release|Any CPU.ActiveCfg = Release|Any CPU
		{E75EAE06-9F1C-440C-A31B-6DBCE41569D0}.Release|Any CPU.Build.0 = Release|Any CPU
		{E0DCD90C-74E7-4EB4-AEAD-D9CFBC7D4E1D}.Debug|Any CPU.ActiveCfg = Debug|Any CPU
		{E0DCD90C-74E7-4EB4-AEAD-D9CFBC7D4E1D}.Debug|Any CPU.Build.0 = Debug|Any CPU
		{E0DCD90C-74E7-4EB4-AEAD-D9CFBC7D4E1D}.Release|Any CPU.ActiveCfg = Release|Any CPU
		{E0DCD90C-74E7-4EB4-AEAD-D9CFBC7D4E1D}.Release|Any CPU.Build.0 = Release|Any CPU
		{8E153C25-910D-4BE3-B1D1-1B7629539A67}.Debug|Any CPU.ActiveCfg = Debug|Any CPU
		{8E153C25-910D-4BE3-B1D1-1B7629539A67}.Debug|Any CPU.Build.0 = Debug|Any CPU
		{8E153C25-910D-4BE3-B1D1-1B7629539A67}.Release|Any CPU.ActiveCfg = Release|Any CPU
		{8E153C25-910D-4BE3-B1D1-1B7629539A67}.Release|Any CPU.Build.0 = Release|Any CPU
		{813DE377-475D-4DD4-BEDE-1D09C0216124}.Debug|Any CPU.ActiveCfg = Debug|Any CPU
		{813DE377-475D-4DD4-BEDE-1D09C0216124}.Debug|Any CPU.Build.0 = Debug|Any CPU
		{813DE377-475D-4DD4-BEDE-1D09C0216124}.Release|Any CPU.ActiveCfg = Release|Any CPU
		{813DE377-475D-4DD4-BEDE-1D09C0216124}.Release|Any CPU.Build.0 = Release|Any CPU
		{020E8F85-4A9E-41D1-964F-F9898F79707F}.Debug|Any CPU.ActiveCfg = Debug|Any CPU
		{020E8F85-4A9E-41D1-964F-F9898F79707F}.Debug|Any CPU.Build.0 = Debug|Any CPU
		{020E8F85-4A9E-41D1-964F-F9898F79707F}.Release|Any CPU.ActiveCfg = Release|Any CPU
		{020E8F85-4A9E-41D1-964F-F9898F79707F}.Release|Any CPU.Build.0 = Release|Any CPU
		{DD1DFCA1-82C9-45BC-B98A-0F0DFEAF4C53}.Debug|Any CPU.ActiveCfg = Debug|Any CPU
		{DD1DFCA1-82C9-45BC-B98A-0F0DFEAF4C53}.Debug|Any CPU.Build.0 = Debug|Any CPU
		{DD1DFCA1-82C9-45BC-B98A-0F0DFEAF4C53}.Release|Any CPU.ActiveCfg = Release|Any CPU
		{DD1DFCA1-82C9-45BC-B98A-0F0DFEAF4C53}.Release|Any CPU.Build.0 = Release|Any CPU
		{B3FB089C-CE23-4CBB-BFEC-DB2DE1576042}.Debug|Any CPU.ActiveCfg = Debug|Any CPU
		{B3FB089C-CE23-4CBB-BFEC-DB2DE1576042}.Debug|Any CPU.Build.0 = Debug|Any CPU
		{B3FB089C-CE23-4CBB-BFEC-DB2DE1576042}.Release|Any CPU.ActiveCfg = Release|Any CPU
		{B3FB089C-CE23-4CBB-BFEC-DB2DE1576042}.Release|Any CPU.Build.0 = Release|Any CPU
		{D8605BBE-A1F7-4707-B1EF-D767D75D60CE}.Debug|Any CPU.ActiveCfg = Debug|Any CPU
		{D8605BBE-A1F7-4707-B1EF-D767D75D60CE}.Debug|Any CPU.Build.0 = Debug|Any CPU
		{D8605BBE-A1F7-4707-B1EF-D767D75D60CE}.Release|Any CPU.ActiveCfg = Release|Any CPU
		{D8605BBE-A1F7-4707-B1EF-D767D75D60CE}.Release|Any CPU.Build.0 = Release|Any CPU
	EndGlobalSection
	GlobalSection(SolutionProperties) = preSolution
		HideSolutionNode = FALSE
	EndGlobalSection
	GlobalSection(ExtensibilityGlobals) = postSolution
		SolutionGuid = {7D637803-7238-4039-B10E-2987C8DCF341}
	EndGlobalSection
EndGlobal
